
Microsoft Visual Studio Solution File, Format Version 12.00
# Visual Studio 15
VisualStudioVersion = 15.0.26124.0
MinimumVisualStudioVersion = 15.0.26124.0
Project("{2150E333-8FDC-42A3-9474-1A3956D46DE8}") = "src", "src", "{57B13602-2415-483B-9E08-ABF32BF28CF6}"
EndProject
Project("{FAE04EC0-301F-11D3-BF4B-00C04F79EFBC}") = "PalTracker", "src\PalTracker\PalTracker.csproj", "{E2D132FD-6267-409F-93E0-B74F4433DD2A}"
EndProject
Project("{2150E333-8FDC-42A3-9474-1A3956D46DE8}") = "test", "test", "{3621BB2B-A367-4BBD-AA6C-F5C942F179C6}"
EndProject
Project("{FAE04EC0-301F-11D3-BF4B-00C04F79EFBC}") = "PalTrackerTests", "test\PalTrackerTests\PalTrackerTests.csproj", "{F6AA76DC-BF56-4F0E-B7E5-59B06216B03D}"
EndProject
Global
	GlobalSection(SolutionConfigurationPlatforms) = preSolution
		Debug|Any CPU = Debug|Any CPU
		Debug|x64 = Debug|x64
		Debug|x86 = Debug|x86
		Release|Any CPU = Release|Any CPU
		Release|x64 = Release|x64
		Release|x86 = Release|x86
	EndGlobalSection
	GlobalSection(SolutionProperties) = preSolution
		HideSolutionNode = FALSE
	EndGlobalSection
	GlobalSection(ProjectConfigurationPlatforms) = postSolution
		{E2D132FD-6267-409F-93E0-B74F4433DD2A}.Debug|Any CPU.ActiveCfg = Debug|Any CPU
		{E2D132FD-6267-409F-93E0-B74F4433DD2A}.Debug|Any CPU.Build.0 = Debug|Any CPU
		{E2D132FD-6267-409F-93E0-B74F4433DD2A}.Debug|x64.ActiveCfg = Debug|Any CPU
		{E2D132FD-6267-409F-93E0-B74F4433DD2A}.Debug|x64.Build.0 = Debug|Any CPU
		{E2D132FD-6267-409F-93E0-B74F4433DD2A}.Debug|x86.ActiveCfg = Debug|Any CPU
		{E2D132FD-6267-409F-93E0-B74F4433DD2A}.Debug|x86.Build.0 = Debug|Any CPU
		{E2D132FD-6267-409F-93E0-B74F4433DD2A}.Release|Any CPU.ActiveCfg = Release|Any CPU
		{E2D132FD-6267-409F-93E0-B74F4433DD2A}.Release|Any CPU.Build.0 = Release|Any CPU
		{E2D132FD-6267-409F-93E0-B74F4433DD2A}.Release|x64.ActiveCfg = Release|Any CPU
		{E2D132FD-6267-409F-93E0-B74F4433DD2A}.Release|x64.Build.0 = Release|Any CPU
		{E2D132FD-6267-409F-93E0-B74F4433DD2A}.Release|x86.ActiveCfg = Release|Any CPU
		{E2D132FD-6267-409F-93E0-B74F4433DD2A}.Release|x86.Build.0 = Release|Any CPU
		{F6AA76DC-BF56-4F0E-B7E5-59B06216B03D}.Debug|Any CPU.ActiveCfg = Debug|Any CPU
		{F6AA76DC-BF56-4F0E-B7E5-59B06216B03D}.Debug|Any CPU.Build.0 = Debug|Any CPU
		{F6AA76DC-BF56-4F0E-B7E5-59B06216B03D}.Debug|x64.ActiveCfg = Debug|Any CPU
		{F6AA76DC-BF56-4F0E-B7E5-59B06216B03D}.Debug|x64.Build.0 = Debug|Any CPU
		{F6AA76DC-BF56-4F0E-B7E5-59B06216B03D}.Debug|x86.ActiveCfg = Debug|Any CPU
		{F6AA76DC-BF56-4F0E-B7E5-59B06216B03D}.Debug|x86.Build.0 = Debug|Any CPU
		{F6AA76DC-BF56-4F0E-B7E5-59B06216B03D}.Release|Any CPU.ActiveCfg = Release|Any CPU
		{F6AA76DC-BF56-4F0E-B7E5-59B06216B03D}.Release|Any CPU.Build.0 = Release|Any CPU
		{F6AA76DC-BF56-4F0E-B7E5-59B06216B03D}.Release|x64.ActiveCfg = Release|Any CPU
		{F6AA76DC-BF56-4F0E-B7E5-59B06216B03D}.Release|x64.Build.0 = Release|Any CPU
		{F6AA76DC-BF56-4F0E-B7E5-59B06216B03D}.Release|x86.ActiveCfg = Release|Any CPU
		{F6AA76DC-BF56-4F0E-B7E5-59B06216B03D}.Release|x86.Build.0 = Release|Any CPU
	EndGlobalSection
	GlobalSection(NestedProjects) = preSolution
		{E2D132FD-6267-409F-93E0-B74F4433DD2A} = {57B13602-2415-483B-9E08-ABF32BF28CF6}
		{F6AA76DC-BF56-4F0E-B7E5-59B06216B03D} = {3621BB2B-A367-4BBD-AA6C-F5C942F179C6}
	EndGlobalSection
EndGlobal
